
Microsoft Visual Studio Solution File, Format Version 12.00
# Visual Studio 15
VisualStudioVersion = 15.0.27004.2009
MinimumVisualStudioVersion = 10.0.40219.1
Project("{FAE04EC0-301F-11D3-BF4B-00C04F79EFBC}") = "VncLib", "VncLib\VncLib.csproj", "{D7DADE27-94C7-4F5B-8149-85C63C56A053}"
EndProject
Project("{FAE04EC0-301F-11D3-BF4B-00C04F79EFBC}") = "VncLib.Client", "VncLib.Client\VncLib.Client.csproj", "{5B01FC5D-5B6B-42C9-8969-AB6BE201A1D9}"
EndProject
Project("{FAE04EC0-301F-11D3-BF4B-00C04F79EFBC}") = "VncLib.Wpf", "VncLib.Wpf\VncLib.Wpf.csproj", "{432A5791-7982-498A-B992-B8791AF2AE20}"
EndProject
Project("{FAE04EC0-301F-11D3-BF4B-00C04F79EFBC}") = "VncLib.Console.Client", "VncLib.Console.Client\VncLib.Console.Client.csproj", "{49D1A38B-22D8-451E-802E-967A766B2C49}"
EndProject
Project("{FAE04EC0-301F-11D3-BF4B-00C04F79EFBC}") = "VncLib.Avalonia", "VncLib.Avalonia\VncLib.Avalonia.csproj", "{BD11EC19-EDF9-436F-B2F0-2DAB768CFBFC}"
EndProject
Global
	GlobalSection(SolutionConfigurationPlatforms) = preSolution
		Debug|Any CPU = Debug|Any CPU
		Debug|x64 = Debug|x64
		Debug|x86 = Debug|x86
		Release|Any CPU = Release|Any CPU
		Release|x64 = Release|x64
		Release|x86 = Release|x86
	EndGlobalSection
	GlobalSection(ProjectConfigurationPlatforms) = postSolution
		{D7DADE27-94C7-4F5B-8149-85C63C56A053}.Debug|Any CPU.ActiveCfg = Debug|Any CPU
		{D7DADE27-94C7-4F5B-8149-85C63C56A053}.Debug|Any CPU.Build.0 = Debug|Any CPU
		{D7DADE27-94C7-4F5B-8149-85C63C56A053}.Debug|x64.ActiveCfg = Debug|Any CPU
		{D7DADE27-94C7-4F5B-8149-85C63C56A053}.Debug|x64.Build.0 = Debug|Any CPU
		{D7DADE27-94C7-4F5B-8149-85C63C56A053}.Debug|x86.ActiveCfg = Debug|Any CPU
		{D7DADE27-94C7-4F5B-8149-85C63C56A053}.Debug|x86.Build.0 = Debug|Any CPU
		{D7DADE27-94C7-4F5B-8149-85C63C56A053}.Release|Any CPU.ActiveCfg = Release|Any CPU
		{D7DADE27-94C7-4F5B-8149-85C63C56A053}.Release|Any CPU.Build.0 = Release|Any CPU
		{D7DADE27-94C7-4F5B-8149-85C63C56A053}.Release|x64.ActiveCfg = Release|Any CPU
		{D7DADE27-94C7-4F5B-8149-85C63C56A053}.Release|x64.Build.0 = Release|Any CPU
		{D7DADE27-94C7-4F5B-8149-85C63C56A053}.Release|x86.ActiveCfg = Release|Any CPU
		{D7DADE27-94C7-4F5B-8149-85C63C56A053}.Release|x86.Build.0 = Release|Any CPU
		{5B01FC5D-5B6B-42C9-8969-AB6BE201A1D9}.Debug|Any CPU.ActiveCfg = Debug|Any CPU
		{5B01FC5D-5B6B-42C9-8969-AB6BE201A1D9}.Debug|Any CPU.Build.0 = Debug|Any CPU
		{5B01FC5D-5B6B-42C9-8969-AB6BE201A1D9}.Debug|x64.ActiveCfg = Debug|Any CPU
		{5B01FC5D-5B6B-42C9-8969-AB6BE201A1D9}.Debug|x64.Build.0 = Debug|Any CPU
		{5B01FC5D-5B6B-42C9-8969-AB6BE201A1D9}.Debug|x86.ActiveCfg = Debug|Any CPU
		{5B01FC5D-5B6B-42C9-8969-AB6BE201A1D9}.Debug|x86.Build.0 = Debug|Any CPU
		{5B01FC5D-5B6B-42C9-8969-AB6BE201A1D9}.Release|Any CPU.ActiveCfg = Release|Any CPU
		{5B01FC5D-5B6B-42C9-8969-AB6BE201A1D9}.Release|Any CPU.Build.0 = Release|Any CPU
		{5B01FC5D-5B6B-42C9-8969-AB6BE201A1D9}.Release|x64.ActiveCfg = Release|Any CPU
		{5B01FC5D-5B6B-42C9-8969-AB6BE201A1D9}.Release|x64.Build.0 = Release|Any CPU
		{5B01FC5D-5B6B-42C9-8969-AB6BE201A1D9}.Release|x86.ActiveCfg = Release|Any CPU
		{5B01FC5D-5B6B-42C9-8969-AB6BE201A1D9}.Release|x86.Build.0 = Release|Any CPU
		{432A5791-7982-498A-B992-B8791AF2AE20}.Debug|Any CPU.ActiveCfg = Debug|Any CPU
		{432A5791-7982-498A-B992-B8791AF2AE20}.Debug|Any CPU.Build.0 = Debug|Any CPU
		{432A5791-7982-498A-B992-B8791AF2AE20}.Debug|x64.ActiveCfg = Debug|Any CPU
		{432A5791-7982-498A-B992-B8791AF2AE20}.Debug|x64.Build.0 = Debug|Any CPU
		{432A5791-7982-498A-B992-B8791AF2AE20}.Debug|x86.ActiveCfg = Debug|Any CPU
		{432A5791-7982-498A-B992-B8791AF2AE20}.Debug|x86.Build.0 = Debug|Any CPU
		{432A5791-7982-498A-B992-B8791AF2AE20}.Release|Any CPU.ActiveCfg = Release|Any CPU
		{432A5791-7982-498A-B992-B8791AF2AE20}.Release|Any CPU.Build.0 = Release|Any CPU
		{432A5791-7982-498A-B992-B8791AF2AE20}.Release|x64.ActiveCfg = Release|Any CPU
		{432A5791-7982-498A-B992-B8791AF2AE20}.Release|x64.Build.0 = Release|Any CPU
		{432A5791-7982-498A-B992-B8791AF2AE20}.Release|x86.ActiveCfg = Release|Any CPU
		{432A5791-7982-498A-B992-B8791AF2AE20}.Release|x86.Build.0 = Release|Any CPU
		{49D1A38B-22D8-451E-802E-967A766B2C49}.Debug|Any CPU.ActiveCfg = Debug|Any CPU
		{49D1A38B-22D8-451E-802E-967A766B2C49}.Debug|Any CPU.Build.0 = Debug|Any CPU
		{49D1A38B-22D8-451E-802E-967A766B2C49}.Debug|x64.ActiveCfg = Debug|Any CPU
		{49D1A38B-22D8-451E-802E-967A766B2C49}.Debug|x64.Build.0 = Debug|Any CPU
		{49D1A38B-22D8-451E-802E-967A766B2C49}.Debug|x86.ActiveCfg = Debug|Any CPU
		{49D1A38B-22D8-451E-802E-967A766B2C49}.Debug|x86.Build.0 = Debug|Any CPU
		{49D1A38B-22D8-451E-802E-967A766B2C49}.Release|Any CPU.ActiveCfg = Release|Any CPU
		{49D1A38B-22D8-451E-802E-967A766B2C49}.Release|Any CPU.Build.0 = Release|Any CPU
		{49D1A38B-22D8-451E-802E-967A766B2C49}.Release|x64.ActiveCfg = Release|Any CPU
		{49D1A38B-22D8-451E-802E-967A766B2C49}.Release|x64.Build.0 = Release|Any CPU
		{49D1A38B-22D8-451E-802E-967A766B2C49}.Release|x86.ActiveCfg = Release|Any CPU
		{49D1A38B-22D8-451E-802E-967A766B2C49}.Release|x86.Build.0 = Release|Any CPU
		{BD11EC19-EDF9-436F-B2F0-2DAB768CFBFC}.Debug|Any CPU.ActiveCfg = Debug|Any CPU
		{BD11EC19-EDF9-436F-B2F0-2DAB768CFBFC}.Debug|Any CPU.Build.0 = Debug|Any CPU
		{BD11EC19-EDF9-436F-B2F0-2DAB768CFBFC}.Debug|x64.ActiveCfg = Debug|Any CPU
		{BD11EC19-EDF9-436F-B2F0-2DAB768CFBFC}.Debug|x64.Build.0 = Debug|Any CPU
		{BD11EC19-EDF9-436F-B2F0-2DAB768CFBFC}.Debug|x86.ActiveCfg = Debug|Any CPU
		{BD11EC19-EDF9-436F-B2F0-2DAB768CFBFC}.Debug|x86.Build.0 = Debug|Any CPU
		{BD11EC19-EDF9-436F-B2F0-2DAB768CFBFC}.Release|Any CPU.ActiveCfg = Release|Any CPU
		{BD11EC19-EDF9-436F-B2F0-2DAB768CFBFC}.Release|Any CPU.Build.0 = Release|Any CPU
		{BD11EC19-EDF9-436F-B2F0-2DAB768CFBFC}.Release|x64.ActiveCfg = Release|Any CPU
		{BD11EC19-EDF9-436F-B2F0-2DAB768CFBFC}.Release|x64.Build.0 = Release|Any CPU
		{BD11EC19-EDF9-436F-B2F0-2DAB768CFBFC}.Release|x86.ActiveCfg = Release|Any CPU
		{BD11EC19-EDF9-436F-B2F0-2DAB768CFBFC}.Release|x86.Build.0 = Release|Any CPU
	EndGlobalSection
	GlobalSection(SolutionProperties) = preSolution
		HideSolutionNode = FALSE
	EndGlobalSection
	GlobalSection(ExtensibilityGlobals) = postSolution
		SolutionGuid = {D6F49147-19FA-4E95-8B03-88A5835C9CE5}
	EndGlobalSection
EndGlobal
